
Microsoft Visual Studio Solution File, Format Version 12.00
# Visual Studio Version 16
VisualStudioVersion = 16.0.29306.81
MinimumVisualStudioVersion = 10.0.40219.1
Project("{FAE04EC0-301F-11D3-BF4B-00C04F79EFBC}") = "P2PMessengerTeclado", "P2PMessengerTeclado\P2PMessengerTeclado.csproj", "{994AACF7-5C07-4AF8-B608-A2F5BCE3DF9F}"
EndProject
Global
	GlobalSection(SolutionConfigurationPlatforms) = preSolution
		Debug|Any CPU = Debug|Any CPU
		Release|Any CPU = Release|Any CPU
	EndGlobalSection
	GlobalSection(ProjectConfigurationPlatforms) = postSolution
		{994AACF7-5C07-4AF8-B608-A2F5BCE3DF9F}.Debug|Any CPU.ActiveCfg = Debug|Any CPU
		{994AACF7-5C07-4AF8-B608-A2F5BCE3DF9F}.Debug|Any CPU.Build.0 = Debug|Any CPU
		{994AACF7-5C07-4AF8-B608-A2F5BCE3DF9F}.Release|Any CPU.ActiveCfg = Release|Any CPU
		{994AACF7-5C07-4AF8-B608-A2F5BCE3DF9F}.Release|Any CPU.Build.0 = Release|Any CPU
	EndGlobalSection
	GlobalSection(SolutionProperties) = preSolution
		HideSolutionNode = FALSE
	EndGlobalSection
	GlobalSection(ExtensibilityGlobals) = postSolution
		SolutionGuid = {0BE51BA0-48A5-4F94-9B7E-85AE655AA43D}
	EndGlobalSection
EndGlobal
